
Microsoft Visual Studio Solution File, Format Version 12.00
# Visual Studio Version 17
VisualStudioVersion = 17.13.35919.96 d17.13
MinimumVisualStudioVersion = 10.0.40219.1
Project("{FAE04EC0-301F-11D3-BF4B-00C04F79EFBC}") = "ERP.API", "ERP.API\ERP.API.csproj", "{109BB14E-C6CA-4A96-B61F-8D18DE128AC1}"
EndProject
Project("{FAE04EC0-301F-11D3-BF4B-00C04F79EFBC}") = "ERP.Domain", "ERP.Domain\ERP.Domain.csproj", "{7E94109D-528C-48E9-A46B-041F8C5DC9A3}"
EndProject
Project("{FAE04EC0-301F-11D3-BF4B-00C04F79EFBC}") = "ERP.Application", "ERP.Application\ERP.Application.csproj", "{26F3AE76-649B-4E60-A3D9-5B4BE25F8806}"
EndProject
Project("{FAE04EC0-301F-11D3-BF4B-00C04F79EFBC}") = "ERP.Infrastructure", "ERP.Infrastructure\ERP.Infrastructure.csproj", "{45DD4E57-920D-4A6D-90B9-A83054E5EFC8}"
EndProject
Global
	GlobalSection(SolutionConfigurationPlatforms) = preSolution
		Debug|Any CPU = Debug|Any CPU
		Release|Any CPU = Release|Any CPU
	EndGlobalSection
	GlobalSection(ProjectConfigurationPlatforms) = postSolution
		{109BB14E-C6CA-4A96-B61F-8D18DE128AC1}.Debug|Any CPU.ActiveCfg = Debug|Any CPU
		{109BB14E-C6CA-4A96-B61F-8D18DE128AC1}.Debug|Any CPU.Build.0 = Debug|Any CPU
		{109BB14E-C6CA-4A96-B61F-8D18DE128AC1}.Release|Any CPU.ActiveCfg = Release|Any CPU
		{109BB14E-C6CA-4A96-B61F-8D18DE128AC1}.Release|Any CPU.Build.0 = Release|Any CPU
		{7E94109D-528C-48E9-A46B-041F8C5DC9A3}.Debug|Any CPU.ActiveCfg = Debug|Any CPU
		{7E94109D-528C-48E9-A46B-041F8C5DC9A3}.Debug|Any CPU.Build.0 = Debug|Any CPU
		{7E94109D-528C-48E9-A46B-041F8C5DC9A3}.Release|Any CPU.ActiveCfg = Release|Any CPU
		{7E94109D-528C-48E9-A46B-041F8C5DC9A3}.Release|Any CPU.Build.0 = Release|Any CPU
		{26F3AE76-649B-4E60-A3D9-5B4BE25F8806}.Debug|Any CPU.ActiveCfg = Debug|Any CPU
		{26F3AE76-649B-4E60-A3D9-5B4BE25F8806}.Debug|Any CPU.Build.0 = Debug|Any CPU
		{26F3AE76-649B-4E60-A3D9-5B4BE25F8806}.Release|Any CPU.ActiveCfg = Release|Any CPU
		{26F3AE76-649B-4E60-A3D9-5B4BE25F8806}.Release|Any CPU.Build.0 = Release|Any CPU
		{45DD4E57-920D-4A6D-90B9-A83054E5EFC8}.Debug|Any CPU.ActiveCfg = Debug|Any CPU
		{45DD4E57-920D-4A6D-90B9-A83054E5EFC8}.Debug|Any CPU.Build.0 = Debug|Any CPU
		{45DD4E57-920D-4A6D-90B9-A83054E5EFC8}.Release|Any CPU.ActiveCfg = Release|Any CPU
		{45DD4E57-920D-4A6D-90B9-A83054E5EFC8}.Release|Any CPU.Build.0 = Release|Any CPU
	EndGlobalSection
	GlobalSection(SolutionProperties) = preSolution
		HideSolutionNode = FALSE
	EndGlobalSection
	GlobalSection(ExtensibilityGlobals) = postSolution
		SolutionGuid = {72998A90-CC1B-4E9A-92DC-65DC065E57DA}
	EndGlobalSection
EndGlobal
